
Microsoft Visual Studio Solution File, Format Version 12.00
# Visual Studio Version 16
VisualStudioVersion = 16.0.29806.167
MinimumVisualStudioVersion = 10.0.40219.1
Project("{FAE04EC0-301F-11D3-BF4B-00C04F79EFBC}") = "payroll_Romain_Girodet", "payroll_Romain_Girodet\payroll_Romain_Girodet.csproj", "{C51E1C6D-36E6-41CE-A34F-39F68B8726DD}"
EndProject
Global
	GlobalSection(SolutionConfigurationPlatforms) = preSolution
		Debug|Any CPU = Debug|Any CPU
		Release|Any CPU = Release|Any CPU
	EndGlobalSection
	GlobalSection(ProjectConfigurationPlatforms) = postSolution
		{C51E1C6D-36E6-41CE-A34F-39F68B8726DD}.Debug|Any CPU.ActiveCfg = Debug|Any CPU
		{C51E1C6D-36E6-41CE-A34F-39F68B8726DD}.Debug|Any CPU.Build.0 = Debug|Any CPU
		{C51E1C6D-36E6-41CE-A34F-39F68B8726DD}.Release|Any CPU.ActiveCfg = Release|Any CPU
		{C51E1C6D-36E6-41CE-A34F-39F68B8726DD}.Release|Any CPU.Build.0 = Release|Any CPU
	EndGlobalSection
	GlobalSection(SolutionProperties) = preSolution
		HideSolutionNode = FALSE
	EndGlobalSection
	GlobalSection(ExtensibilityGlobals) = postSolution
		SolutionGuid = {D0A53A92-BEFC-4B63-9BB1-0F704B0AD2C3}
	EndGlobalSection
EndGlobal
